
Microsoft Visual Studio Solution File, Format Version 12.00
Project("{FAE04EC0-301F-11D3-BF4B-00C04F79EFBC}") = "Inheritance_CSharp", "Inheritance_CSharp\Inheritance_CSharp.csproj", "{8E6B132C-7162-4033-AB95-088D17DDAAEC}"
EndProject
Global
	GlobalSection(SolutionConfigurationPlatforms) = preSolution
		Debug|Any CPU = Debug|Any CPU
		Release|Any CPU = Release|Any CPU
	EndGlobalSection
	GlobalSection(ProjectConfigurationPlatforms) = postSolution
		{8E6B132C-7162-4033-AB95-088D17DDAAEC}.Debug|Any CPU.ActiveCfg = Debug|Any CPU
		{8E6B132C-7162-4033-AB95-088D17DDAAEC}.Debug|Any CPU.Build.0 = Debug|Any CPU
		{8E6B132C-7162-4033-AB95-088D17DDAAEC}.Release|Any CPU.ActiveCfg = Release|Any CPU
		{8E6B132C-7162-4033-AB95-088D17DDAAEC}.Release|Any CPU.Build.0 = Release|Any CPU
	EndGlobalSection
EndGlobal
